# THIS IS AN AUTOGENERATED FILE. DO NOT EDIT THIS FILE DIRECTLY.
# yarn lockfile v1


"three.js@git+https://53298f4276133057fdcb3760296752c6c176ccdd:x-oauth-basic@github.com/tdmsinc/three.js.git":
  version "0.0.0"
  resolved "git+https://53298f4276133057fdcb3760296752c6c176ccdd:x-oauth-basic@github.com/tdmsinc/three.js.git#75833a1939b411cca19fb55bf9e2b45ef707459d"

tiny-emitter@^2.1.0:
  version "2.1.0"
  resolved "https://registry.yarnpkg.com/tiny-emitter/-/tiny-emitter-2.1.0.tgz#1d1a56edfc51c43e863cbb5382a72330e3555423"
  integrity sha512-NB6Dk1A9xgQPMoGqC5CVXn123gWyte215ONT5Pp5a0yt4nlEoO1ZWeCwpncaekPHXO60i47ihFnZPiRPjRMq4Q==

"tween.js@git+https://53298f4276133057fdcb3760296752c6c176ccdd:x-oauth-basic@github.com/tdmsinc/tween.js.git#0.14":
  version "0.0.0"
  resolved "git+https://53298f4276133057fdcb3760296752c6c176ccdd:x-oauth-basic@github.com/tdmsinc/tween.js.git#eeb1d4c456e23f8016ec56c27c6de7e0948e8785"
